// !$*UTF8*$!
{
	archiveVersion = 1;
	classes = {
	};
	objectVersion = 55;
	objects = {

/* Begin PBXBuildFile section */
		6A2194A227F05A47004B2F3E /* TransactionDetailRow.swift in Sources */ = {isa = PBXBuildFile; fileRef = 6A2194A127F05A47004B2F3E /* TransactionDetailRow.swift */; };
		6A22532227E1544900CF2A32 /* SwiftUICharts in Frameworks */ = {isa = PBXBuildFile; productRef = 6A22532127E1544900CF2A32 /* SwiftUICharts */; };
		6A768B3F27F0638B005D4CE9 /* TransactionView.swift in Sources */ = {isa = PBXBuildFile; fileRef = 6A768B3E27F0638B005D4CE9 /* TransactionView.swift */; };
		6A768B4327F17C00005D4CE9 /* CategoryRow.swift in Sources */ = {isa = PBXBuildFile; fileRef = 6A768B4227F17C00005D4CE9 /* CategoryRow.swift */; };
		6A768B4527F185A4005D4CE9 /* CategoriesView.swift in Sources */ = {isa = PBXBuildFile; fileRef = 6A768B4427F185A4005D4CE9 /* CategoriesView.swift */; };
		6ABB9EA227D202C700D458FC /* ExpenseTrackerApp.swift in Sources */ = {isa = PBXBuildFile; fileRef = 6ABB9EA127D202C700D458FC /* ExpenseTrackerApp.swift */; };
		6ABB9EA627D202C700D458FC /* Assets.xcassets in Resources */ = {isa = PBXBuildFile; fileRef = 6ABB9EA527D202C700D458FC /* Assets.xcassets */; };
		6ABB9EA927D202C700D458FC /* Preview Assets.xcassets in Resources */ = {isa = PBXBuildFile; fileRef = 6ABB9EA827D202C700D458FC /* Preview Assets.xcassets */; };
		6ABB9EB227D2045300D458FC /* ContentView.swift in Sources */ = {isa = PBXBuildFile; fileRef = 6ABB9EB127D2045300D458FC /* ContentView.swift */; };
		6ABB9EB727D20C8300D458FC /* Extensions.swift in Sources */ = {isa = PBXBuildFile; fileRef = 6ABB9EB627D20C8300D458FC /* Extensions.swift */; };
		6ABB9EB927D5F78100D458FC /* TransactionModel.swift in Sources */ = {isa = PBXBuildFile; fileRef = 6ABB9EB827D5F78100D458FC /* TransactionModel.swift */; };
		6ABB9EBB27D5FA3000D458FC /* PreviewData.swift in Sources */ = {isa = PBXBuildFile; fileRef = 6ABB9EBA27D5FA3000D458FC /* PreviewData.swift */; };
		6ABB9EBF27D5FFC300D458FC /* TransactionRow.swift in Sources */ = {isa = PBXBuildFile; fileRef = 6ABB9EBE27D5FFC300D458FC /* TransactionRow.swift */; };
		6ABB9EC227D6166100D458FC /* SwiftUIFontIcon in Frameworks */ = {isa = PBXBuildFile; productRef = 6ABB9EC127D6166100D458FC /* SwiftUIFontIcon */; };
		6ABB9EC627D8A05D00D458FC /* TransactionListViewModel.swift in Sources */ = {isa = PBXBuildFile; fileRef = 6ABB9EC527D8A05D00D458FC /* TransactionListViewModel.swift */; };
		6ABB9EC827D9E9A900D458FC /* RecentTransactionList.swift in Sources */ = {isa = PBXBuildFile; fileRef = 6ABB9EC727D9E9A900D458FC /* RecentTransactionList.swift */; };
		6AE52ED627DEF87C006360FE /* TransactionList.swift in Sources */ = {isa = PBXBuildFile; fileRef = 6AE52ED527DEF87C006360FE /* TransactionList.swift */; };
		6AE52ED927DF2436006360FE /* Collections in Frameworks */ = {isa = PBXBuildFile; productRef = 6AE52ED827DF2436006360FE /* Collections */; };
/* End PBXBuildFile section */

/* Begin PBXFileReference section */
		6A2194A127F05A47004B2F3E /* TransactionDetailRow.swift */ = {isa = PBXFileReference; lastKnownFileType = sourcecode.swift; path = TransactionDetailRow.swift; sourceTree = "<group>"; };
		6A768B3E27F0638B005D4CE9 /* TransactionView.swift */ = {isa = PBXFileReference; lastKnownFileType = sourcecode.swift; path = TransactionView.swift; sourceTree = "<group>"; };
		6A768B4227F17C00005D4CE9 /* CategoryRow.swift */ = {isa = PBXFileReference; lastKnownFileType = sourcecode.swift; path = CategoryRow.swift; sourceTree = "<group>"; };
		6A768B4427F185A4005D4CE9 /* CategoriesView.swift */ = {isa = PBXFileReference; lastKnownFileType = sourcecode.swift; path = CategoriesView.swift; sourceTree = "<group>"; };
		6ABB9E9E27D202C700D458FC /* ExpenseTracker.app */ = {isa = PBXFileReference; explicitFileType = wrapper.application; includeInIndex = 0; path = ExpenseTracker.app; sourceTree = BUILT_PRODUCTS_DIR; };
		6ABB9EA127D202C700D458FC /* ExpenseTrackerApp.swift */ = {isa = PBXFileReference; lastKnownFileType = sourcecode.swift; path = ExpenseTrackerApp.swift; sourceTree = "<group>"; };
		6ABB9EA527D202C700D458FC /* Assets.xcassets */ = {isa = PBXFileReference; lastKnownFileType = folder.assetcatalog; path = Assets.xcassets; sourceTree = "<group>"; };
		6ABB9EA827D202C700D458FC /* Preview Assets.xcassets */ = {isa = PBXFileReference; lastKnownFileType = folder.assetcatalog; path = "Preview Assets.xcassets"; sourceTree = "<group>"; };
		6ABB9EB127D2045300D458FC /* ContentView.swift */ = {isa = PBXFileReference; lastKnownFileType = sourcecode.swift; path = ContentView.swift; sourceTree = "<group>"; };
		6ABB9EB627D20C8300D458FC /* Extensions.swift */ = {isa = PBXFileReference; lastKnownFileType = sourcecode.swift; path = Extensions.swift; sourceTree = "<group>"; };
		6ABB9EB827D5F78100D458FC /* TransactionModel.swift */ = {isa = PBXFileReference; lastKnownFileType = sourcecode.swift; path = TransactionModel.swift; sourceTree = "<group>"; };
		6ABB9EBA27D5FA3000D458FC /* PreviewData.swift */ = {isa = PBXFileReference; lastKnownFileType = sourcecode.swift; path = PreviewData.swift; sourceTree = "<group>"; };
		6ABB9EBE27D5FFC300D458FC /* TransactionRow.swift */ = {isa = PBXFileReference; lastKnownFileType = sourcecode.swift; path = TransactionRow.swift; sourceTree = "<group>"; };
		6ABB9EC527D8A05D00D458FC /* TransactionListViewModel.swift */ = {isa = PBXFileReference; lastKnownFileType = sourcecode.swift; path = TransactionListViewModel.swift; sourceTree = "<group>"; };
		6ABB9EC727D9E9A900D458FC /* RecentTransactionList.swift */ = {isa = PBXFileReference; lastKnownFileType = sourcecode.swift; path = RecentTransactionList.swift; sourceTree = "<group>"; };
		6AE52ED527DEF87C006360FE /* TransactionList.swift */ = {isa = PBXFileReference; lastKnownFileType = sourcecode.swift; path = TransactionList.swift; sourceTree = "<group>"; };
/* End PBXFileReference section */

/* Begin PBXFrameworksBuildPhase section */
		6ABB9E9B27D202C700D458FC /* Frameworks */ = {
			isa = PBXFrameworksBuildPhase;
			buildActionMask = 2147483647;
			files = (
				6A22532227E1544900CF2A32 /* SwiftUICharts in Frameworks */,
				6AE52ED927DF2436006360FE /* Collections in Frameworks */,
				6ABB9EC227D6166100D458FC /* SwiftUIFontIcon in Frameworks */,
			);
			runOnlyForDeploymentPostprocessing = 0;
		};
/* End PBXFrameworksBuildPhase section */

/* Begin PBXGroup section */
		6ABB9E9527D202C700D458FC = {
			isa = PBXGroup;
			children = (
				6ABB9EA027D202C700D458FC /* ExpenseTracker */,
				6ABB9E9F27D202C700D458FC /* Products */,
			);
			sourceTree = "<group>";
		};
		6ABB9E9F27D202C700D458FC /* Products */ = {
			isa = PBXGroup;
			children = (
				6ABB9E9E27D202C700D458FC /* ExpenseTracker.app */,
			);
			name = Products;
			sourceTree = "<group>";
		};
		6ABB9EA027D202C700D458FC /* ExpenseTracker */ = {
			isa = PBXGroup;
			children = (
				6ABB9EA127D202C700D458FC /* ExpenseTrackerApp.swift */,
				6ABB9EB127D2045300D458FC /* ContentView.swift */,
				6ABB9EC727D9E9A900D458FC /* RecentTransactionList.swift */,
				6AE52ED527DEF87C006360FE /* TransactionList.swift */,
				6ABB9EBE27D5FFC300D458FC /* TransactionRow.swift */,
				6A768B3E27F0638B005D4CE9 /* TransactionView.swift */,
				6A2194A127F05A47004B2F3E /* TransactionDetailRow.swift */,
				6A768B4427F185A4005D4CE9 /* CategoriesView.swift */,
				6A768B4227F17C00005D4CE9 /* CategoryRow.swift */,
				6ABB9EC527D8A05D00D458FC /* TransactionListViewModel.swift */,
				6ABB9EB827D5F78100D458FC /* TransactionModel.swift */,
				6ABB9EB627D20C8300D458FC /* Extensions.swift */,
				6ABB9EA527D202C700D458FC /* Assets.xcassets */,
				6ABB9EA727D202C700D458FC /* Preview Content */,
			);
			path = ExpenseTracker;
			sourceTree = "<group>";
		};
		6ABB9EA727D202C700D458FC /* Preview Content */ = {
			isa = PBXGroup;
			children = (
				6ABB9EA827D202C700D458FC /* Preview Assets.xcassets */,
				6ABB9EBA27D5FA3000D458FC /* PreviewData.swift */,
			);
			path = "Preview Content";
			sourceTree = "<group>";
		};
/* End PBXGroup section */

/* Begin PBXNativeTarget section */
		6ABB9E9D27D202C700D458FC /* ExpenseTracker */ = {
			isa = PBXNativeTarget;
			buildConfigurationList = 6ABB9EAC27D202C700D458FC /* Build configuration list for PBXNativeTarget "ExpenseTracker" */;
			buildPhases = (
				6ABB9E9A27D202C700D458FC /* Sources */,
				6ABB9E9B27D202C700D458FC /* Frameworks */,
				6ABB9E9C27D202C700D458FC /* Resources */,
			);
			buildRules = (
			);
			dependencies = (
			);
			name = ExpenseTracker;
			packageProductDependencies = (
				6ABB9EC127D6166100D458FC /* SwiftUIFontIcon */,
				6AE52ED827DF2436006360FE /* Collections */,
				6A22532127E1544900CF2A32 /* SwiftUICharts */,
			);
			productName = ExpenseTracker;
			productReference = 6ABB9E9E27D202C700D458FC /* ExpenseTracker.app */;
			productType = "com.apple.product-type.application";
		};
/* End PBXNativeTarget section */

/* Begin PBXProject section */
		6ABB9E9627D202C700D458FC /* Project object */ = {
			isa = PBXProject;
			attributes = {
				BuildIndependentTargetsInParallel = 1;
				LastSwiftUpdateCheck = 1320;
				LastUpgradeCheck = 1320;
				TargetAttributes = {
					6ABB9E9D27D202C700D458FC = {
						CreatedOnToolsVersion = 13.2.1;
					};
				};
			};
			buildConfigurationList = 6ABB9E9927D202C700D458FC /* Build configuration list for PBXProject "ExpenseTracker" */;
			compatibilityVersion = "Xcode 13.0";
			developmentRegion = en;
			hasScannedForEncodings = 0;
			knownRegions = (
				en,
				Base,
			);
			mainGroup = 6ABB9E9527D202C700D458FC;
			packageReferences = (
				6ABB9EC027D6166100D458FC /* XCRemoteSwiftPackageReference "SwiftUIFontIcon" */,
				6AE52ED727DF2436006360FE /* XCRemoteSwiftPackageReference "swift-collections" */,
				6A22532027E1544900CF2A32 /* XCRemoteSwiftPackageReference "ChartView" */,
			);
			productRefGroup = 6ABB9E9F27D202C700D458FC /* Products */;
			projectDirPath = "";
			projectRoot = "";
			targets = (
				6ABB9E9D27D202C700D458FC /* ExpenseTracker */,
			);
		};
/* End PBXProject section */

/* Begin PBXResourcesBuildPhase section */
		6ABB9E9C27D202C700D458FC /* Resources */ = {
			isa = PBXResourcesBuildPhase;
			buildActionMask = 2147483647;
			files = (
				6ABB9EA927D202C700D458FC /* Preview Assets.xcassets in Resources */,
				6ABB9EA627D202C700D458FC /* Assets.xcassets in Resources */,
			);
			runOnlyForDeploymentPostprocessing = 0;
		};
/* End PBXResourcesBuildPhase section */

/* Begin PBXSourcesBuildPhase section */
		6ABB9E9A27D202C700D458FC /* Sources */ = {
			isa = PBXSourcesBuildPhase;
			buildActionMask = 2147483647;
			files = (
				6ABB9EBB27D5FA3000D458FC /* PreviewData.swift in Sources */,
				6AE52ED627DEF87C006360FE /* TransactionList.swift in Sources */,
				6ABB9EC827D9E9A900D458FC /* RecentTransactionList.swift in Sources */,
				6ABB9EB927D5F78100D458FC /* TransactionModel.swift in Sources */,
				6A2194A227F05A47004B2F3E /* TransactionDetailRow.swift in Sources */,
				6A768B3F27F0638B005D4CE9 /* TransactionView.swift in Sources */,
				6A768B4527F185A4005D4CE9 /* CategoriesView.swift in Sources */,
				6ABB9EB227D2045300D458FC /* ContentView.swift in Sources */,
				6ABB9EBF27D5FFC300D458FC /* TransactionRow.swift in Sources */,
				6ABB9EB727D20C8300D458FC /* Extensions.swift in Sources */,
				6ABB9EC627D8A05D00D458FC /* TransactionListViewModel.swift in Sources */,
				6A768B4327F17C00005D4CE9 /* CategoryRow.swift in Sources */,
				6ABB9EA227D202C700D458FC /* ExpenseTrackerApp.swift in Sources */,
			);
			runOnlyForDeploymentPostprocessing = 0;
		};
/* End PBXSourcesBuildPhase section */

/* Begin XCBuildConfiguration section */
		6ABB9EAA27D202C700D458FC /* Debug */ = {
			isa = XCBuildConfiguration;
			buildSettings = {
				ALWAYS_SEARCH_USER_PATHS = NO;
				CLANG_ANALYZER_NONNULL = YES;
				CLANG_ANALYZER_NUMBER_OBJECT_CONVERSION = YES_AGGRESSIVE;
				CLANG_CXX_LANGUAGE_STANDARD = "gnu++17";
				CLANG_CXX_LIBRARY = "libc++";
				CLANG_ENABLE_MODULES = YES;
				CLANG_ENABLE_OBJC_ARC = YES;
				CLANG_ENABLE_OBJC_WEAK = YES;
				CLANG_WARN_BLOCK_CAPTURE_AUTORELEASING = YES;
				CLANG_WARN_BOOL_CONVERSION = YES;
				CLANG_WARN_COMMA = YES;
				CLANG_WARN_CONSTANT_CONVERSION = YES;
				CLANG_WARN_DEPRECATED_OBJC_IMPLEMENTATIONS = YES;
				CLANG_WARN_DIRECT_OBJC_ISA_USAGE = YES_ERROR;
				CLANG_WARN_DOCUMENTATION_COMMENTS = YES;
				CLANG_WARN_EMPTY_BODY = YES;
				CLANG_WARN_ENUM_CONVERSION = YES;
				CLANG_WARN_INFINITE_RECURSION = YES;
				CLANG_WARN_INT_CONVERSION = YES;
				CLANG_WARN_NON_LITERAL_NULL_CONVERSION = YES;
				CLANG_WARN_OBJC_IMPLICIT_RETAIN_SELF = YES;
				CLANG_WARN_OBJC_LITERAL_CONVERSION = YES;
				CLANG_WARN_OBJC_ROOT_CLASS = YES_ERROR;
				CLANG_WARN_QUOTED_INCLUDE_IN_FRAMEWORK_HEADER = YES;
				CLANG_WARN_RANGE_LOOP_ANALYSIS = YES;
				CLANG_WARN_STRICT_PROTOTYPES = YES;
				CLANG_WARN_SUSPICIOUS_MOVE = YES;
				CLANG_WARN_UNGUARDED_AVAILABILITY = YES_AGGRESSIVE;
				CLANG_WARN_UNREACHABLE_CODE = YES;
				CLANG_WARN__DUPLICATE_METHOD_MATCH = YES;
				COPY_PHASE_STRIP = NO;
				DEBUG_INFORMATION_FORMAT = dwarf;
				ENABLE_STRICT_OBJC_MSGSEND = YES;
				ENABLE_TESTABILITY = YES;
				GCC_C_LANGUAGE_STANDARD = gnu11;
				GCC_DYNAMIC_NO_PIC = NO;
				GCC_NO_COMMON_BLOCKS = YES;
				GCC_OPTIMIZATION_LEVEL = 0;
				GCC_PREPROCESSOR_DEFINITIONS = (
					"DEBUG=1",
					"$(inherited)",
				);
				GCC_WARN_64_TO_32_BIT_CONVERSION = YES;
				GCC_WARN_ABOUT_RETURN_TYPE = YES_ERROR;
				GCC_WARN_UNDECLARED_SELECTOR = YES;
				GCC_WARN_UNINITIALIZED_AUTOS = YES_AGGRESSIVE;
				GCC_WARN_UNUSED_FUNCTION = YES;
				GCC_WARN_UNUSED_VARIABLE = YES;
				IPHONEOS_DEPLOYMENT_TARGET = 15.2;
				MTL_ENABLE_DEBUG_INFO = INCLUDE_SOURCE;
				MTL_FAST_MATH = YES;
				ONLY_ACTIVE_ARCH = YES;
				SDKROOT = iphoneos;
				SWIFT_ACTIVE_COMPILATION_CONDITIONS = DEBUG;
				SWIFT_OPTIMIZATION_LEVEL = "-Onone";
			};
			name = Debug;
		};
		6ABB9EAB27D202C700D458FC /* Release */ = {
			isa = XCBuildConfiguration;
			buildSettings = {
				ALWAYS_SEARCH_USER_PATHS = NO;
				CLANG_ANALYZER_NONNULL = YES;
				CLANG_ANALYZER_NUMBER_OBJECT_CONVERSION = YES_AGGRESSIVE;
				CLANG_CXX_LANGUAGE_STANDARD = "gnu++17";
				CLANG_CXX_LIBRARY = "libc++";
				CLANG_ENABLE_MODULES = YES;
				CLANG_ENABLE_OBJC_ARC = YES;
				CLANG_ENABLE_OBJC_WEAK = YES;
				CLANG_WARN_BLOCK_CAPTURE_AUTORELEASING = YES;
				CLANG_WARN_BOOL_CONVERSION = YES;
				CLANG_WARN_COMMA = YES;
				CLANG_WARN_CONSTANT_CONVERSION = YES;
				CLANG_WARN_DEPRECATED_OBJC_IMPLEMENTATIONS = YES;
				CLANG_WARN_DIRECT_OBJC_ISA_USAGE = YES_ERROR;
				CLANG_WARN_DOCUMENTATION_COMMENTS = YES;
				CLANG_WARN_EMPTY_BODY = YES;
				CLANG_WARN_ENUM_CONVERSION = YES;
				CLANG_WARN_INFINITE_RECURSION = YES;
				CLANG_WARN_INT_CONVERSION = YES;
				CLANG_WARN_NON_LITERAL_NULL_CONVERSION = YES;
				CLANG_WARN_OBJC_IMPLICIT_RETAIN_SELF = YES;
				CLANG_WARN_OBJC_LITERAL_CONVERSION = YES;
				CLANG_WARN_OBJC_ROOT_CLASS = YES_ERROR;
				CLANG_WARN_QUOTED_INCLUDE_IN_FRAMEWORK_HEADER = YES;
				CLANG_WARN_RANGE_LOOP_ANALYSIS = YES;
				CLANG_WARN_STRICT_PROTOTYPES = YES;
				CLANG_WARN_SUSPICIOUS_MOVE = YES;
				CLANG_WARN_UNGUARDED_AVAILABILITY = YES_AGGRESSIVE;
				CLANG_WARN_UNREACHABLE_CODE = YES;
				CLANG_WARN__DUPLICATE_METHOD_MATCH = YES;
				COPY_PHASE_STRIP = NO;
				DEBUG_INFORMATION_FORMAT = "dwarf-with-dsym";
				ENABLE_NS_ASSERTIONS = NO;
				ENABLE_STRICT_OBJC_MSGSEND = YES;
				GCC_C_LANGUAGE_STANDARD = gnu11;
				GCC_NO_COMMON_BLOCKS = YES;
				GCC_WARN_64_TO_32_BIT_CONVERSION = YES;
				GCC_WARN_ABOUT_RETURN_TYPE = YES_ERROR;
				GCC_WARN_UNDECLARED_SELECTOR = YES;
				GCC_WARN_UNINITIALIZED_AUTOS = YES_AGGRESSIVE;
				GCC_WARN_UNUSED_FUNCTION = YES;
				GCC_WARN_UNUSED_VARIABLE = YES;
				IPHONEOS_DEPLOYMENT_TARGET = 15.2;
				MTL_ENABLE_DEBUG_INFO = NO;
				MTL_FAST_MATH = YES;
				SDKROOT = iphoneos;
				SWIFT_COMPILATION_MODE = wholemodule;
				SWIFT_OPTIMIZATION_LEVEL = "-O";
				VALIDATE_PRODUCT = YES;
			};
			name = Release;
		};
		6ABB9EAD27D202C700D458FC /* Debug */ = {
			isa = XCBuildConfiguration;
			buildSettings = {
				ASSETCATALOG_COMPILER_APPICON_NAME = AppIcon;
				ASSETCATALOG_COMPILER_GLOBAL_ACCENT_COLOR_NAME = AccentColor;
				CODE_SIGN_STYLE = Automatic;
				CURRENT_PROJECT_VERSION = 1;
				DEVELOPMENT_ASSET_PATHS = "\"ExpenseTracker/Preview Content\"";
				DEVELOPMENT_TEAM = 33FXB2A6UY;
				ENABLE_PREVIEWS = YES;
				GENERATE_INFOPLIST_FILE = YES;
				INFOPLIST_KEY_UIApplicationSceneManifest_Generation = YES;
				INFOPLIST_KEY_UIApplicationSupportsIndirectInputEvents = YES;
				INFOPLIST_KEY_UILaunchScreen_Generation = YES;
				INFOPLIST_KEY_UISupportedInterfaceOrientations_iPad = "UIInterfaceOrientationPortrait UIInterfaceOrientationPortraitUpsideDown UIInterfaceOrientationLandscapeLeft UIInterfaceOrientationLandscapeRight";
				INFOPLIST_KEY_UISupportedInterfaceOrientations_iPhone = "UIInterfaceOrientationPortrait UIInterfaceOrientationLandscapeLeft UIInterfaceOrientationLandscapeRight";
				LD_RUNPATH_SEARCH_PATHS = (
					"$(inherited)",
					"@executable_path/Frameworks",
				);
				MARKETING_VERSION = 1.0;
				PRODUCT_BUNDLE_IDENTIFIER = io.designcode.ExpenseTracker;
				PRODUCT_NAME = "$(TARGET_NAME)";
				SWIFT_EMIT_LOC_STRINGS = YES;
				SWIFT_VERSION = 5.0;
				TARGETED_DEVICE_FAMILY = "1,2";
			};
			name = Debug;
		};
		6ABB9EAE27D202C700D458FC /* Release */ = {
			isa = XCBuildConfiguration;
			buildSettings = {
				ASSETCATALOG_COMPILER_APPICON_NAME = AppIcon;
				ASSETCATALOG_COMPILER_GLOBAL_ACCENT_COLOR_NAME = AccentColor;
				CODE_SIGN_STYLE = Automatic;
				CURRENT_PROJECT_VERSION = 1;
				DEVELOPMENT_ASSET_PATHS = "\"ExpenseTracker/Preview Content\"";
				DEVELOPMENT_TEAM = 33FXB2A6UY;
				ENABLE_PREVIEWS = YES;
				GENERATE_INFOPLIST_FILE = YES;
				INFOPLIST_KEY_UIApplicationSceneManifest_Generation = YES;
				INFOPLIST_KEY_UIApplicationSupportsIndirectInputEvents = YES;
				INFOPLIST_KEY_UILaunchScreen_Generation = YES;
				INFOPLIST_KEY_UISupportedInterfaceOrientations_iPad = "UIInterfaceOrientationPortrait UIInterfaceOrientationPortraitUpsideDown UIInterfaceOrientationLandscapeLeft UIInterfaceOrientationLandscapeRight";
				INFOPLIST_KEY_UISupportedInterfaceOrientations_iPhone = "UIInterfaceOrientationPortrait UIInterfaceOrientationLandscapeLeft UIInterfaceOrientationLandscapeRight";
				LD_RUNPATH_SEARCH_PATHS = (
					"$(inherited)",
					"@executable_path/Frameworks",
				);
				MARKETING_VERSION = 1.0;
				PRODUCT_BUNDLE_IDENTIFIER = io.designcode.ExpenseTracker;
				PRODUCT_NAME = "$(TARGET_NAME)";
				SWIFT_EMIT_LOC_STRINGS = YES;
				SWIFT_VERSION = 5.0;
				TARGETED_DEVICE_FAMILY = "1,2";
			};
			name = Release;
		};
/* End XCBuildConfiguration section */

/* Begin XCConfigurationList section */
		6ABB9E9927D202C700D458FC /* Build configuration list for PBXProject "ExpenseTracker" */ = {
			isa = XCConfigurationList;
			buildConfigurations = (
				6ABB9EAA27D202C700D458FC /* Debug */,
				6ABB9EAB27D202C700D458FC /* Release */,
			);
			defaultConfigurationIsVisible = 0;
			defaultConfigurationName = Release;
		};
		6ABB9EAC27D202C700D458FC /* Build configuration list for PBXNativeTarget "ExpenseTracker" */ = {
			isa = XCConfigurationList;
			buildConfigurations = (
				6ABB9EAD27D202C700D458FC /* Debug */,
				6ABB9EAE27D202C700D458FC /* Release */,
			);
			defaultConfigurationIsVisible = 0;
			defaultConfigurationName = Release;
		};
/* End XCConfigurationList section */

/* Begin XCRemoteSwiftPackageReference section */
		6A22532027E1544900CF2A32 /* XCRemoteSwiftPackageReference "ChartView" */ = {
			isa = XCRemoteSwiftPackageReference;
			repositoryURL = "https://github.com/AppPear/ChartView";
			requirement = {
				kind = exactVersion;
				version = "2.0.0-beta.2";
			};
		};
		6ABB9EC027D6166100D458FC /* XCRemoteSwiftPackageReference "SwiftUIFontIcon" */ = {
			isa = XCRemoteSwiftPackageReference;
			repositoryURL = "https://github.com/huybuidac/SwiftUIFontIcon";
			requirement = {
				branch = master;
				kind = branch;
			};
		};
		6AE52ED727DF2436006360FE /* XCRemoteSwiftPackageReference "swift-collections" */ = {
			isa = XCRemoteSwiftPackageReference;
			repositoryURL = "https://github.com/apple/swift-collections.git";
			requirement = {
				kind = upToNextMajorVersion;
				minimumVersion = 1.0.2;
			};
		};
/* End XCRemoteSwiftPackageReference section */

/* Begin XCSwiftPackageProductDependency section */
		6A22532127E1544900CF2A32 /* SwiftUICharts */ = {
			isa = XCSwiftPackageProductDependency;
			package = 6A22532027E1544900CF2A32 /* XCRemoteSwiftPackageReference "ChartView" */;
			productName = SwiftUICharts;
		};
		6ABB9EC127D6166100D458FC /* SwiftUIFontIcon */ = {
			isa = XCSwiftPackageProductDependency;
			package = 6ABB9EC027D6166100D458FC /* XCRemoteSwiftPackageReference "SwiftUIFontIcon" */;
			productName = SwiftUIFontIcon;
		};
		6AE52ED827DF2436006360FE /* Collections */ = {
			isa = XCSwiftPackageProductDependency;
			package = 6AE52ED727DF2436006360FE /* XCRemoteSwiftPackageReference "swift-collections" */;
			productName = Collections;
		};
/* End XCSwiftPackageProductDependency section */
	};
	rootObject = 6ABB9E9627D202C700D458FC /* Project object */;
}
